
Microsoft Visual Studio Solution File, Format Version 12.00
# Visual Studio 15
VisualStudioVersion = 15.0.26730.16
MinimumVisualStudioVersion = 10.0.40219.1
Project("{9A19103F-16F7-4668-BE54-9A1E7A4F7556}") = "byTourSearch.Services", "byTourSearch.Services\byTourSearch.Services.csproj", "{C5650CA9-3344-4D48-885E-AE8816E43A22}"
EndProject
Project("{9A19103F-16F7-4668-BE54-9A1E7A4F7556}") = "byTourSearch.WebApi", "byTourSearch.WebApi\byTourSearch.WebApi.csproj", "{0FE1834E-CB5B-42B7-B83B-1D12DB7F6001}"
EndProject
Global
	GlobalSection(SolutionConfigurationPlatforms) = preSolution
		Debug|Any CPU = Debug|Any CPU
		Release|Any CPU = Release|Any CPU
	EndGlobalSection
	GlobalSection(ProjectConfigurationPlatforms) = postSolution
		{C5650CA9-3344-4D48-885E-AE8816E43A22}.Debug|Any CPU.ActiveCfg = Debug|Any CPU
		{C5650CA9-3344-4D48-885E-AE8816E43A22}.Debug|Any CPU.Build.0 = Debug|Any CPU
		{C5650CA9-3344-4D48-885E-AE8816E43A22}.Release|Any CPU.ActiveCfg = Release|Any CPU
		{C5650CA9-3344-4D48-885E-AE8816E43A22}.Release|Any CPU.Build.0 = Release|Any CPU
		{0FE1834E-CB5B-42B7-B83B-1D12DB7F6001}.Debug|Any CPU.ActiveCfg = Debug|Any CPU
		{0FE1834E-CB5B-42B7-B83B-1D12DB7F6001}.Debug|Any CPU.Build.0 = Debug|Any CPU
		{0FE1834E-CB5B-42B7-B83B-1D12DB7F6001}.Release|Any CPU.ActiveCfg = Release|Any CPU
		{0FE1834E-CB5B-42B7-B83B-1D12DB7F6001}.Release|Any CPU.Build.0 = Release|Any CPU
	EndGlobalSection
	GlobalSection(SolutionProperties) = preSolution
		HideSolutionNode = FALSE
	EndGlobalSection
	GlobalSection(ExtensibilityGlobals) = postSolution
		SolutionGuid = {55750EBB-83EE-4EB2-9663-D71F869F2925}
	EndGlobalSection
EndGlobal
